{
    "hash": "9324f8a53d85b15a67dc3c48449da7a2",
    "packages": [
        {
            "name": "desarrolla2/rss-client-bundle",
            "version": "dev-master",
            "target-dir": "Desarrolla2/Bundle/RSSClientBundle",
            "source": {
                "type": "git",
                "url": "https://github.com/desarrolla2/RSSClientBundle.git",
                "reference": "d830cf885a89e8b05af6f94f14b19b769e024ce8"
            },
            "dist": {
                "type": "zip",
                "url": "https://github.com/desarrolla2/RSSClientBundle/zipball/d830cf885a89e8b05af6f94f14b19b769e024ce8",
                "reference": "d830cf885a89e8b05af6f94f14b19b769e024ce8",
                "shasum": ""
            },
            "require": {
                "php": ">=5.3.2",
                "ezyang/htmlpurifier": "dev-master"
            },
            "time": "1349041236",
            "type": "symfony-bundle",
            "installation-source": "source",
            "autoload": {
                "psr-0": {
                    "Desarrolla2\\Bundle\\RSSClientBundle": ""
                }
            },
            "license": [
                "MIT"
            ],
            "authors": [
                {
                    "name": "Daniel González",
                    "homepage": "http://desarrolla2.com/"
                }
            ],
            "description": "This Bundle provides a way to get rss feeds friendly.",
            "keywords": [
                "client",
                "rss"
            ]
        },
        {
            "name": "ezyang/htmlpurifier",
            "version": "dev-master",
            "source": {
                "type": "git",
                "url": "git://github.com/ezyang/htmlpurifier.git",
                "reference": "8a8b123d3322d24d77114dfa767a5eafbe9ff24b"
            },
            "dist": {
                "type": "zip",
                "url": "https://github.com/ezyang/htmlpurifier/zipball/8a8b123d3322d24d77114dfa767a5eafbe9ff24b",
                "reference": "8a8b123d3322d24d77114dfa767a5eafbe9ff24b",
                "shasum": ""
            },
            "require": {
                "php": ">=5.2"
            },
            "time": "1347811906",
            "type": "library",
            "installation-source": "source",
            "autoload": {
                "classmap": [
                    "library/"
                ]
            },
            "license": [
                "LGPL"
            ],
            "authors": [
                {
                    "name": "Edward Z. Yang",
                    "email": "admin@htmlpurifier.org",
                    "homepage": "http://ezyang.com"
                }
            ],
            "description": "Standards compliant HTML filter written in PHP",
            "homepage": "http://htmlpurifier.org/",
            "keywords": [
                "html"
            ]
        }
    ],
    "packages-dev": null,
    "aliases": [

    ],
    "minimum-stability": "dev",
    "stability-flags": {
        "desarrolla2/rss-client-bundle": 20
    }
}
